
Microsoft Visual Studio Solution File, Format Version 12.00
# Visual Studio Version 17
VisualStudioVersion = 17.12.35521.163
MinimumVisualStudioVersion = 10.0.40219.1
Project("{FAE04EC0-301F-11D3-BF4B-00C04F79EFBC}") = "RecordStore", "RecordStore\RecordStore.csproj", "{2AB657CA-9D09-411A-934B-13DDB600913E}"
EndProject
Project("{FAE04EC0-301F-11D3-BF4B-00C04F79EFBC}") = "RecordStoreTests", "RecordStoreTests\RecordStoreTests.csproj", "{4AA70D01-E421-43D5-AC4C-FBBEBE7F3B88}"
EndProject
Project("{FAE04EC0-301F-11D3-BF4B-00C04F79EFBC}") = "RecordStoreConsoleApp", "RecordStoreConsoleApp\RecordStoreConsoleApp.csproj", "{3FF3E13F-2BF4-4344-A7AC-4A5FAD9550BF}"
EndProject
Project("{FAE04EC0-301F-11D3-BF4B-00C04F79EFBC}") = "RecordShopWebApp", "RecordShopWebApp\RecordShopWebApp\RecordShopWebApp.csproj", "{FA91F473-E784-456A-8113-B40F5595882C}"
EndProject
Project("{FAE04EC0-301F-11D3-BF4B-00C04F79EFBC}") = "RecordShopWebApp.Client", "RecordShopWebApp\RecordShopWebApp.Client\RecordShopWebApp.Client.csproj", "{E129E0ED-2128-4500-8AEB-AF7CF1BE0378}"
EndProject
Global
	GlobalSection(SolutionConfigurationPlatforms) = preSolution
		Debug|Any CPU = Debug|Any CPU
		Release|Any CPU = Release|Any CPU
	EndGlobalSection
	GlobalSection(ProjectConfigurationPlatforms) = postSolution
		{2AB657CA-9D09-411A-934B-13DDB600913E}.Debug|Any CPU.ActiveCfg = Debug|Any CPU
		{2AB657CA-9D09-411A-934B-13DDB600913E}.Debug|Any CPU.Build.0 = Debug|Any CPU
		{2AB657CA-9D09-411A-934B-13DDB600913E}.Release|Any CPU.ActiveCfg = Release|Any CPU
		{2AB657CA-9D09-411A-934B-13DDB600913E}.Release|Any CPU.Build.0 = Release|Any CPU
		{4AA70D01-E421-43D5-AC4C-FBBEBE7F3B88}.Debug|Any CPU.ActiveCfg = Debug|Any CPU
		{4AA70D01-E421-43D5-AC4C-FBBEBE7F3B88}.Debug|Any CPU.Build.0 = Debug|Any CPU
		{4AA70D01-E421-43D5-AC4C-FBBEBE7F3B88}.Release|Any CPU.ActiveCfg = Release|Any CPU
		{4AA70D01-E421-43D5-AC4C-FBBEBE7F3B88}.Release|Any CPU.Build.0 = Release|Any CPU
		{3FF3E13F-2BF4-4344-A7AC-4A5FAD9550BF}.Debug|Any CPU.ActiveCfg = Debug|Any CPU
		{3FF3E13F-2BF4-4344-A7AC-4A5FAD9550BF}.Debug|Any CPU.Build.0 = Debug|Any CPU
		{3FF3E13F-2BF4-4344-A7AC-4A5FAD9550BF}.Release|Any CPU.ActiveCfg = Release|Any CPU
		{3FF3E13F-2BF4-4344-A7AC-4A5FAD9550BF}.Release|Any CPU.Build.0 = Release|Any CPU
		{FA91F473-E784-456A-8113-B40F5595882C}.Debug|Any CPU.ActiveCfg = Debug|Any CPU
		{FA91F473-E784-456A-8113-B40F5595882C}.Debug|Any CPU.Build.0 = Debug|Any CPU
		{FA91F473-E784-456A-8113-B40F5595882C}.Release|Any CPU.ActiveCfg = Release|Any CPU
		{FA91F473-E784-456A-8113-B40F5595882C}.Release|Any CPU.Build.0 = Release|Any CPU
		{E129E0ED-2128-4500-8AEB-AF7CF1BE0378}.Debug|Any CPU.ActiveCfg = Debug|Any CPU
		{E129E0ED-2128-4500-8AEB-AF7CF1BE0378}.Debug|Any CPU.Build.0 = Debug|Any CPU
		{E129E0ED-2128-4500-8AEB-AF7CF1BE0378}.Release|Any CPU.ActiveCfg = Release|Any CPU
		{E129E0ED-2128-4500-8AEB-AF7CF1BE0378}.Release|Any CPU.Build.0 = Release|Any CPU
	EndGlobalSection
	GlobalSection(SolutionProperties) = preSolution
		HideSolutionNode = FALSE
	EndGlobalSection
EndGlobal
